
Microsoft Visual Studio Solution File, Format Version 12.00
# Visual Studio Version 17
VisualStudioVersion = 17.3.32929.385
MinimumVisualStudioVersion = 10.0.40219.1
Project("{FAE04EC0-301F-11D3-BF4B-00C04F79EFBC}") = "ProductsAndOrders", "ProductsAndOrders\ProductsAndOrders.csproj", "{F7A93774-C27F-4D04-8A00-71039EFD991B}"
EndProject
Global
	GlobalSection(SolutionConfigurationPlatforms) = preSolution
		Debug|Any CPU = Debug|Any CPU
		Release|Any CPU = Release|Any CPU
	EndGlobalSection
	GlobalSection(ProjectConfigurationPlatforms) = postSolution
		{F7A93774-C27F-4D04-8A00-71039EFD991B}.Debug|Any CPU.ActiveCfg = Debug|Any CPU
		{F7A93774-C27F-4D04-8A00-71039EFD991B}.Debug|Any CPU.Build.0 = Debug|Any CPU
		{F7A93774-C27F-4D04-8A00-71039EFD991B}.Release|Any CPU.ActiveCfg = Release|Any CPU
		{F7A93774-C27F-4D04-8A00-71039EFD991B}.Release|Any CPU.Build.0 = Release|Any CPU
	EndGlobalSection
	GlobalSection(SolutionProperties) = preSolution
		HideSolutionNode = FALSE
	EndGlobalSection
	GlobalSection(ExtensibilityGlobals) = postSolution
		SolutionGuid = {12B67780-CF3C-4A5D-B0B8-6B0910748276}
	EndGlobalSection
EndGlobal
